
Microsoft Visual Studio Solution File, Format Version 12.00
# Visual Studio Version 17
VisualStudioVersion = 17.5.002.0
MinimumVisualStudioVersion = 10.0.40219.1
Project("{9A19103F-16F7-4668-BE54-9A1E7A4F7556}") = "API", "API.csproj", "{FCDEC806-DD3F-486B-83A1-5F1EA12DE4D4}"
EndProject
Global
	GlobalSection(SolutionConfigurationPlatforms) = preSolution
		Debug|Any CPU = Debug|Any CPU
		Release|Any CPU = Release|Any CPU
	EndGlobalSection
	GlobalSection(ProjectConfigurationPlatforms) = postSolution
		{FCDEC806-DD3F-486B-83A1-5F1EA12DE4D4}.Debug|Any CPU.ActiveCfg = Debug|Any CPU
		{FCDEC806-DD3F-486B-83A1-5F1EA12DE4D4}.Debug|Any CPU.Build.0 = Debug|Any CPU
		{FCDEC806-DD3F-486B-83A1-5F1EA12DE4D4}.Release|Any CPU.ActiveCfg = Release|Any CPU
		{FCDEC806-DD3F-486B-83A1-5F1EA12DE4D4}.Release|Any CPU.Build.0 = Release|Any CPU
	EndGlobalSection
	GlobalSection(SolutionProperties) = preSolution
		HideSolutionNode = FALSE
	EndGlobalSection
	GlobalSection(ExtensibilityGlobals) = postSolution
		SolutionGuid = {8424EA2E-43D6-4CBA-A800-611C9B417AD1}
	EndGlobalSection
EndGlobal
