
Microsoft Visual Studio Solution File, Format Version 12.00
# Visual Studio Version 17
VisualStudioVersion = 17.5.33530.505
MinimumVisualStudioVersion = 10.0.40219.1
Project("{9A19103F-16F7-4668-BE54-9A1E7A4F7556}") = "API", "API\API.csproj", "{84FDF54D-23A5-4E58-BFEA-F9FA430AAD68}"
EndProject
Project("{9A19103F-16F7-4668-BE54-9A1E7A4F7556}") = "Models", "Models\Models.csproj", "{1F4E5194-6FCE-4651-9C53-1DF3358F1C5A}"
EndProject
Project("{9A19103F-16F7-4668-BE54-9A1E7A4F7556}") = "Database", "Database\Database.csproj", "{297C0649-3ED4-45CF-B1DA-8A13883C26AE}"
EndProject
Project("{9A19103F-16F7-4668-BE54-9A1E7A4F7556}") = "Messenger", "Messenger\Messenger.csproj", "{5E26ABDF-7481-4B5B-87E4-CE3060744125}"
	ProjectSection(ProjectDependencies) = postProject
		{1F4E5194-6FCE-4651-9C53-1DF3358F1C5A} = {1F4E5194-6FCE-4651-9C53-1DF3358F1C5A}
		{297C0649-3ED4-45CF-B1DA-8A13883C26AE} = {297C0649-3ED4-45CF-B1DA-8A13883C26AE}
	EndProjectSection
EndProject
Project("{9A19103F-16F7-4668-BE54-9A1E7A4F7556}") = "Authentication", "Authentication\Authentication.csproj", "{5F9E8538-6994-450B-A0C7-088940A1ABB3}"
EndProject
Project("{9A19103F-16F7-4668-BE54-9A1E7A4F7556}") = "PaymentApp", "PaymentApp\PaymentApp.csproj", "{8F14FB23-CB0E-4D79-8E1B-5F80BA98E07F}"
EndProject
Global
	GlobalSection(SolutionConfigurationPlatforms) = preSolution
		Debug|Any CPU = Debug|Any CPU
		Release|Any CPU = Release|Any CPU
	EndGlobalSection
	GlobalSection(ProjectConfigurationPlatforms) = postSolution
		{84FDF54D-23A5-4E58-BFEA-F9FA430AAD68}.Debug|Any CPU.ActiveCfg = Debug|Any CPU
		{84FDF54D-23A5-4E58-BFEA-F9FA430AAD68}.Debug|Any CPU.Build.0 = Debug|Any CPU
		{84FDF54D-23A5-4E58-BFEA-F9FA430AAD68}.Release|Any CPU.ActiveCfg = Release|Any CPU
		{84FDF54D-23A5-4E58-BFEA-F9FA430AAD68}.Release|Any CPU.Build.0 = Release|Any CPU
		{1F4E5194-6FCE-4651-9C53-1DF3358F1C5A}.Debug|Any CPU.ActiveCfg = Debug|Any CPU
		{1F4E5194-6FCE-4651-9C53-1DF3358F1C5A}.Debug|Any CPU.Build.0 = Debug|Any CPU
		{1F4E5194-6FCE-4651-9C53-1DF3358F1C5A}.Release|Any CPU.ActiveCfg = Release|Any CPU
		{1F4E5194-6FCE-4651-9C53-1DF3358F1C5A}.Release|Any CPU.Build.0 = Release|Any CPU
		{297C0649-3ED4-45CF-B1DA-8A13883C26AE}.Debug|Any CPU.ActiveCfg = Debug|Any CPU
		{297C0649-3ED4-45CF-B1DA-8A13883C26AE}.Debug|Any CPU.Build.0 = Debug|Any CPU
		{297C0649-3ED4-45CF-B1DA-8A13883C26AE}.Release|Any CPU.ActiveCfg = Release|Any CPU
		{297C0649-3ED4-45CF-B1DA-8A13883C26AE}.Release|Any CPU.Build.0 = Release|Any CPU
		{5E26ABDF-7481-4B5B-87E4-CE3060744125}.Debug|Any CPU.ActiveCfg = Debug|Any CPU
		{5E26ABDF-7481-4B5B-87E4-CE3060744125}.Debug|Any CPU.Build.0 = Debug|Any CPU
		{5E26ABDF-7481-4B5B-87E4-CE3060744125}.Release|Any CPU.ActiveCfg = Release|Any CPU
		{5E26ABDF-7481-4B5B-87E4-CE3060744125}.Release|Any CPU.Build.0 = Release|Any CPU
		{5F9E8538-6994-450B-A0C7-088940A1ABB3}.Debug|Any CPU.ActiveCfg = Debug|Any CPU
		{5F9E8538-6994-450B-A0C7-088940A1ABB3}.Debug|Any CPU.Build.0 = Debug|Any CPU
		{5F9E8538-6994-450B-A0C7-088940A1ABB3}.Release|Any CPU.ActiveCfg = Release|Any CPU
		{5F9E8538-6994-450B-A0C7-088940A1ABB3}.Release|Any CPU.Build.0 = Release|Any CPU
		{8F14FB23-CB0E-4D79-8E1B-5F80BA98E07F}.Debug|Any CPU.ActiveCfg = Debug|Any CPU
		{8F14FB23-CB0E-4D79-8E1B-5F80BA98E07F}.Debug|Any CPU.Build.0 = Debug|Any CPU
		{8F14FB23-CB0E-4D79-8E1B-5F80BA98E07F}.Release|Any CPU.ActiveCfg = Release|Any CPU
		{8F14FB23-CB0E-4D79-8E1B-5F80BA98E07F}.Release|Any CPU.Build.0 = Release|Any CPU
	EndGlobalSection
	GlobalSection(SolutionProperties) = preSolution
		HideSolutionNode = FALSE
	EndGlobalSection
	GlobalSection(ExtensibilityGlobals) = postSolution
		SolutionGuid = {D9ADF1FE-B6EA-4A45-A698-2405258F9852}
	EndGlobalSection
EndGlobal
